// !$*UTF8*$!
{
	archiveVersion = 1;
	classes = {
	};
	objectVersion = 56;
	objects = {

/* Begin PBXBuildFile section */
		BE6294472927C32B000C300C /* CD_CRUD_MVVMApp.swift in Sources */ = {isa = PBXBuildFile; fileRef = BE6294462927C32B000C300C /* CD_CRUD_MVVMApp.swift */; };
		BE6294492927C32B000C300C /* ContentView.swift in Sources */ = {isa = PBXBuildFile; fileRef = BE6294482927C32B000C300C /* ContentView.swift */; };
		BE62944B2927C32D000C300C /* Assets.xcassets in Resources */ = {isa = PBXBuildFile; fileRef = BE62944A2927C32D000C300C /* Assets.xcassets */; };
		BE62944E2927C32D000C300C /* Preview Assets.xcassets in Resources */ = {isa = PBXBuildFile; fileRef = BE62944D2927C32D000C300C /* Preview Assets.xcassets */; };
		BE6294562927C3F3000C300C /* CD_CRUD_MVVM.xcdatamodeld in Sources */ = {isa = PBXBuildFile; fileRef = BE6294542927C3F3000C300C /* CD_CRUD_MVVM.xcdatamodeld */; };
		BE6294582927C4B2000C300C /* Persistence.swift in Sources */ = {isa = PBXBuildFile; fileRef = BE6294572927C4B2000C300C /* Persistence.swift */; };
		BE62945A2927CA4A000C300C /* TaskListViewModel.swift in Sources */ = {isa = PBXBuildFile; fileRef = BE6294592927CA4A000C300C /* TaskListViewModel.swift */; };
		BE62945E2927F3BC000C300C /* AddListView.swift in Sources */ = {isa = PBXBuildFile; fileRef = BE62945D2927F3BC000C300C /* AddListView.swift */; };
		BE629460292814DF000C300C /* TaskListCell.swift in Sources */ = {isa = PBXBuildFile; fileRef = BE62945F292814DF000C300C /* TaskListCell.swift */; };
/* End PBXBuildFile section */

/* Begin PBXFileReference section */
		BE6294432927C32B000C300C /* CD-CRUD-MVVM.app */ = {isa = PBXFileReference; explicitFileType = wrapper.application; includeInIndex = 0; path = "CD-CRUD-MVVM.app"; sourceTree = BUILT_PRODUCTS_DIR; };
		BE6294462927C32B000C300C /* CD_CRUD_MVVMApp.swift */ = {isa = PBXFileReference; lastKnownFileType = sourcecode.swift; path = CD_CRUD_MVVMApp.swift; sourceTree = "<group>"; };
		BE6294482927C32B000C300C /* ContentView.swift */ = {isa = PBXFileReference; lastKnownFileType = sourcecode.swift; path = ContentView.swift; sourceTree = "<group>"; };
		BE62944A2927C32D000C300C /* Assets.xcassets */ = {isa = PBXFileReference; lastKnownFileType = folder.assetcatalog; path = Assets.xcassets; sourceTree = "<group>"; };
		BE62944D2927C32D000C300C /* Preview Assets.xcassets */ = {isa = PBXFileReference; lastKnownFileType = folder.assetcatalog; path = "Preview Assets.xcassets"; sourceTree = "<group>"; };
		BE6294552927C3F3000C300C /* CD_CRUD_MVVM.xcdatamodel */ = {isa = PBXFileReference; lastKnownFileType = wrapper.xcdatamodel; path = CD_CRUD_MVVM.xcdatamodel; sourceTree = "<group>"; };
		BE6294572927C4B2000C300C /* Persistence.swift */ = {isa = PBXFileReference; lastKnownFileType = sourcecode.swift; path = Persistence.swift; sourceTree = "<group>"; };
		BE6294592927CA4A000C300C /* TaskListViewModel.swift */ = {isa = PBXFileReference; lastKnownFileType = sourcecode.swift; path = TaskListViewModel.swift; sourceTree = "<group>"; };
		BE62945D2927F3BC000C300C /* AddListView.swift */ = {isa = PBXFileReference; lastKnownFileType = sourcecode.swift; path = AddListView.swift; sourceTree = "<group>"; };
		BE62945F292814DF000C300C /* TaskListCell.swift */ = {isa = PBXFileReference; lastKnownFileType = sourcecode.swift; path = TaskListCell.swift; sourceTree = "<group>"; };
/* End PBXFileReference section */

/* Begin PBXFrameworksBuildPhase section */
		BE6294402927C32B000C300C /* Frameworks */ = {
			isa = PBXFrameworksBuildPhase;
			buildActionMask = 2147483647;
			files = (
			);
			runOnlyForDeploymentPostprocessing = 0;
		};
/* End PBXFrameworksBuildPhase section */

/* Begin PBXGroup section */
		BE62943A2927C32B000C300C = {
			isa = PBXGroup;
			children = (
				BE6294452927C32B000C300C /* CD-CRUD-MVVM */,
				BE6294442927C32B000C300C /* Products */,
			);
			sourceTree = "<group>";
		};
		BE6294442927C32B000C300C /* Products */ = {
			isa = PBXGroup;
			children = (
				BE6294432927C32B000C300C /* CD-CRUD-MVVM.app */,
			);
			name = Products;
			sourceTree = "<group>";
		};
		BE6294452927C32B000C300C /* CD-CRUD-MVVM */ = {
			isa = PBXGroup;
			children = (
				BE6294462927C32B000C300C /* CD_CRUD_MVVMApp.swift */,
				BE6294482927C32B000C300C /* ContentView.swift */,
				BE6294572927C4B2000C300C /* Persistence.swift */,
				BE62944A2927C32D000C300C /* Assets.xcassets */,
				BE62944C2927C32D000C300C /* Preview Content */,
				BE6294542927C3F3000C300C /* CD_CRUD_MVVM.xcdatamodeld */,
				BE6294592927CA4A000C300C /* TaskListViewModel.swift */,
				BE62945D2927F3BC000C300C /* AddListView.swift */,
				BE62945F292814DF000C300C /* TaskListCell.swift */,
			);
			path = "CD-CRUD-MVVM";
			sourceTree = "<group>";
		};
		BE62944C2927C32D000C300C /* Preview Content */ = {
			isa = PBXGroup;
			children = (
				BE62944D2927C32D000C300C /* Preview Assets.xcassets */,
			);
			path = "Preview Content";
			sourceTree = "<group>";
		};
/* End PBXGroup section */

/* Begin PBXNativeTarget section */
		BE6294422927C32B000C300C /* CD-CRUD-MVVM */ = {
			isa = PBXNativeTarget;
			buildConfigurationList = BE6294512927C32D000C300C /* Build configuration list for PBXNativeTarget "CD-CRUD-MVVM" */;
			buildPhases = (
				BE62943F2927C32B000C300C /* Sources */,
				BE6294402927C32B000C300C /* Frameworks */,
				BE6294412927C32B000C300C /* Resources */,
			);
			buildRules = (
			);
			dependencies = (
			);
			name = "CD-CRUD-MVVM";
			productName = "CD-CRUD-MVVM";
			productReference = BE6294432927C32B000C300C /* CD-CRUD-MVVM.app */;
			productType = "com.apple.product-type.application";
		};
/* End PBXNativeTarget section */

/* Begin PBXProject section */
		BE62943B2927C32B000C300C /* Project object */ = {
			isa = PBXProject;
			attributes = {
				BuildIndependentTargetsInParallel = 1;
				LastSwiftUpdateCheck = 1410;
				LastUpgradeCheck = 1410;
				TargetAttributes = {
					BE6294422927C32B000C300C = {
						CreatedOnToolsVersion = 14.1;
					};
				};
			};
			buildConfigurationList = BE62943E2927C32B000C300C /* Build configuration list for PBXProject "CD-CRUD-MVVM" */;
			compatibilityVersion = "Xcode 14.0";
			developmentRegion = en;
			hasScannedForEncodings = 0;
			knownRegions = (
				en,
				Base,
			);
			mainGroup = BE62943A2927C32B000C300C;
			productRefGroup = BE6294442927C32B000C300C /* Products */;
			projectDirPath = "";
			projectRoot = "";
			targets = (
				BE6294422927C32B000C300C /* CD-CRUD-MVVM */,
			);
		};
/* End PBXProject section */

/* Begin PBXResourcesBuildPhase section */
		BE6294412927C32B000C300C /* Resources */ = {
			isa = PBXResourcesBuildPhase;
			buildActionMask = 2147483647;
			files = (
				BE62944E2927C32D000C300C /* Preview Assets.xcassets in Resources */,
				BE62944B2927C32D000C300C /* Assets.xcassets in Resources */,
			);
			runOnlyForDeploymentPostprocessing = 0;
		};
/* End PBXResourcesBuildPhase section */

/* Begin PBXSourcesBuildPhase section */
		BE62943F2927C32B000C300C /* Sources */ = {
			isa = PBXSourcesBuildPhase;
			buildActionMask = 2147483647;
			files = (
				BE629460292814DF000C300C /* TaskListCell.swift in Sources */,
				BE6294492927C32B000C300C /* ContentView.swift in Sources */,
				BE6294582927C4B2000C300C /* Persistence.swift in Sources */,
				BE62945E2927F3BC000C300C /* AddListView.swift in Sources */,
				BE62945A2927CA4A000C300C /* TaskListViewModel.swift in Sources */,
				BE6294472927C32B000C300C /* CD_CRUD_MVVMApp.swift in Sources */,
				BE6294562927C3F3000C300C /* CD_CRUD_MVVM.xcdatamodeld in Sources */,
			);
			runOnlyForDeploymentPostprocessing = 0;
		};
/* End PBXSourcesBuildPhase section */

/* Begin XCBuildConfiguration section */
		BE62944F2927C32D000C300C /* Debug */ = {
			isa = XCBuildConfiguration;
			buildSettings = {
				ALWAYS_SEARCH_USER_PATHS = NO;
				CLANG_ANALYZER_NONNULL = YES;
				CLANG_ANALYZER_NUMBER_OBJECT_CONVERSION = YES_AGGRESSIVE;
				CLANG_CXX_LANGUAGE_STANDARD = "gnu++20";
				CLANG_ENABLE_MODULES = YES;
				CLANG_ENABLE_OBJC_ARC = YES;
				CLANG_ENABLE_OBJC_WEAK = YES;
				CLANG_WARN_BLOCK_CAPTURE_AUTORELEASING = YES;
				CLANG_WARN_BOOL_CONVERSION = YES;
				CLANG_WARN_COMMA = YES;
				CLANG_WARN_CONSTANT_CONVERSION = YES;
				CLANG_WARN_DEPRECATED_OBJC_IMPLEMENTATIONS = YES;
				CLANG_WARN_DIRECT_OBJC_ISA_USAGE = YES_ERROR;
				CLANG_WARN_DOCUMENTATION_COMMENTS = YES;
				CLANG_WARN_EMPTY_BODY = YES;
				CLANG_WARN_ENUM_CONVERSION = YES;
				CLANG_WARN_INFINITE_RECURSION = YES;
				CLANG_WARN_INT_CONVERSION = YES;
				CLANG_WARN_NON_LITERAL_NULL_CONVERSION = YES;
				CLANG_WARN_OBJC_IMPLICIT_RETAIN_SELF = YES;
				CLANG_WARN_OBJC_LITERAL_CONVERSION = YES;
				CLANG_WARN_OBJC_ROOT_CLASS = YES_ERROR;
				CLANG_WARN_QUOTED_INCLUDE_IN_FRAMEWORK_HEADER = YES;
				CLANG_WARN_RANGE_LOOP_ANALYSIS = YES;
				CLANG_WARN_STRICT_PROTOTYPES = YES;
				CLANG_WARN_SUSPICIOUS_MOVE = YES;
				CLANG_WARN_UNGUARDED_AVAILABILITY = YES_AGGRESSIVE;
				CLANG_WARN_UNREACHABLE_CODE = YES;
				CLANG_WARN__DUPLICATE_METHOD_MATCH = YES;
				COPY_PHASE_STRIP = NO;
				DEBUG_INFORMATION_FORMAT = dwarf;
				ENABLE_STRICT_OBJC_MSGSEND = YES;
				ENABLE_TESTABILITY = YES;
				GCC_C_LANGUAGE_STANDARD = gnu11;
				GCC_DYNAMIC_NO_PIC = NO;
				GCC_NO_COMMON_BLOCKS = YES;
				GCC_OPTIMIZATION_LEVEL = 0;
				GCC_PREPROCESSOR_DEFINITIONS = (
					"DEBUG=1",
					"$(inherited)",
				);
				GCC_WARN_64_TO_32_BIT_CONVERSION = YES;
				GCC_WARN_ABOUT_RETURN_TYPE = YES_ERROR;
				GCC_WARN_UNDECLARED_SELECTOR = YES;
				GCC_WARN_UNINITIALIZED_AUTOS = YES_AGGRESSIVE;
				GCC_WARN_UNUSED_FUNCTION = YES;
				GCC_WARN_UNUSED_VARIABLE = YES;
				IPHONEOS_DEPLOYMENT_TARGET = 16.1;
				MTL_ENABLE_DEBUG_INFO = INCLUDE_SOURCE;
				MTL_FAST_MATH = YES;
				ONLY_ACTIVE_ARCH = YES;
				SDKROOT = iphoneos;
				SWIFT_ACTIVE_COMPILATION_CONDITIONS = DEBUG;
				SWIFT_OPTIMIZATION_LEVEL = "-Onone";
			};
			name = Debug;
		};
		BE6294502927C32D000C300C /* Release */ = {
			isa = XCBuildConfiguration;
			buildSettings = {
				ALWAYS_SEARCH_USER_PATHS = NO;
				CLANG_ANALYZER_NONNULL = YES;
				CLANG_ANALYZER_NUMBER_OBJECT_CONVERSION = YES_AGGRESSIVE;
				CLANG_CXX_LANGUAGE_STANDARD = "gnu++20";
				CLANG_ENABLE_MODULES = YES;
				CLANG_ENABLE_OBJC_ARC = YES;
				CLANG_ENABLE_OBJC_WEAK = YES;
				CLANG_WARN_BLOCK_CAPTURE_AUTORELEASING = YES;
				CLANG_WARN_BOOL_CONVERSION = YES;
				CLANG_WARN_COMMA = YES;
				CLANG_WARN_CONSTANT_CONVERSION = YES;
				CLANG_WARN_DEPRECATED_OBJC_IMPLEMENTATIONS = YES;
				CLANG_WARN_DIRECT_OBJC_ISA_USAGE = YES_ERROR;
				CLANG_WARN_DOCUMENTATION_COMMENTS = YES;
				CLANG_WARN_EMPTY_BODY = YES;
				CLANG_WARN_ENUM_CONVERSION = YES;
				CLANG_WARN_INFINITE_RECURSION = YES;
				CLANG_WARN_INT_CONVERSION = YES;
				CLANG_WARN_NON_LITERAL_NULL_CONVERSION = YES;
				CLANG_WARN_OBJC_IMPLICIT_RETAIN_SELF = YES;
				CLANG_WARN_OBJC_LITERAL_CONVERSION = YES;
				CLANG_WARN_OBJC_ROOT_CLASS = YES_ERROR;
				CLANG_WARN_QUOTED_INCLUDE_IN_FRAMEWORK_HEADER = YES;
				CLANG_WARN_RANGE_LOOP_ANALYSIS = YES;
				CLANG_WARN_STRICT_PROTOTYPES = YES;
				CLANG_WARN_SUSPICIOUS_MOVE = YES;
				CLANG_WARN_UNGUARDED_AVAILABILITY = YES_AGGRESSIVE;
				CLANG_WARN_UNREACHABLE_CODE = YES;
				CLANG_WARN__DUPLICATE_METHOD_MATCH = YES;
				COPY_PHASE_STRIP = NO;
				DEBUG_INFORMATION_FORMAT = "dwarf-with-dsym";
				ENABLE_NS_ASSERTIONS = NO;
				ENABLE_STRICT_OBJC_MSGSEND = YES;
				GCC_C_LANGUAGE_STANDARD = gnu11;
				GCC_NO_COMMON_BLOCKS = YES;
				GCC_WARN_64_TO_32_BIT_CONVERSION = YES;
				GCC_WARN_ABOUT_RETURN_TYPE = YES_ERROR;
				GCC_WARN_UNDECLARED_SELECTOR = YES;
				GCC_WARN_UNINITIALIZED_AUTOS = YES_AGGRESSIVE;
				GCC_WARN_UNUSED_FUNCTION = YES;
				GCC_WARN_UNUSED_VARIABLE = YES;
				IPHONEOS_DEPLOYMENT_TARGET = 16.1;
				MTL_ENABLE_DEBUG_INFO = NO;
				MTL_FAST_MATH = YES;
				SDKROOT = iphoneos;
				SWIFT_COMPILATION_MODE = wholemodule;
				SWIFT_OPTIMIZATION_LEVEL = "-O";
				VALIDATE_PRODUCT = YES;
			};
			name = Release;
		};
		BE6294522927C32D000C300C /* Debug */ = {
			isa = XCBuildConfiguration;
			buildSettings = {
				ASSETCATALOG_COMPILER_APPICON_NAME = AppIcon;
				ASSETCATALOG_COMPILER_GLOBAL_ACCENT_COLOR_NAME = AccentColor;
				CODE_SIGN_STYLE = Automatic;
				CURRENT_PROJECT_VERSION = 1;
				DEVELOPMENT_ASSET_PATHS = "\"CD-CRUD-MVVM/Preview Content\"";
				DEVELOPMENT_TEAM = P8J2DS2Z2V;
				ENABLE_PREVIEWS = YES;
				GENERATE_INFOPLIST_FILE = YES;
				INFOPLIST_KEY_UIApplicationSceneManifest_Generation = YES;
				INFOPLIST_KEY_UIApplicationSupportsIndirectInputEvents = YES;
				INFOPLIST_KEY_UILaunchScreen_Generation = YES;
				INFOPLIST_KEY_UISupportedInterfaceOrientations_iPad = "UIInterfaceOrientationPortrait UIInterfaceOrientationPortraitUpsideDown UIInterfaceOrientationLandscapeLeft UIInterfaceOrientationLandscapeRight";
				INFOPLIST_KEY_UISupportedInterfaceOrientations_iPhone = "UIInterfaceOrientationPortrait UIInterfaceOrientationLandscapeLeft UIInterfaceOrientationLandscapeRight";
				LD_RUNPATH_SEARCH_PATHS = (
					"$(inherited)",
					"@executable_path/Frameworks",
				);
				MARKETING_VERSION = 1.0;
				PRODUCT_BUNDLE_IDENTIFIER = "com.itlab.CD-CRUD-MVVM";
				PRODUCT_NAME = "$(TARGET_NAME)";
				SWIFT_EMIT_LOC_STRINGS = YES;
				SWIFT_VERSION = 5.0;
				TARGETED_DEVICE_FAMILY = "1,2";
			};
			name = Debug;
		};
		BE6294532927C32D000C300C /* Release */ = {
			isa = XCBuildConfiguration;
			buildSettings = {
				ASSETCATALOG_COMPILER_APPICON_NAME = AppIcon;
				ASSETCATALOG_COMPILER_GLOBAL_ACCENT_COLOR_NAME = AccentColor;
				CODE_SIGN_STYLE = Automatic;
				CURRENT_PROJECT_VERSION = 1;
				DEVELOPMENT_ASSET_PATHS = "\"CD-CRUD-MVVM/Preview Content\"";
				DEVELOPMENT_TEAM = P8J2DS2Z2V;
				ENABLE_PREVIEWS = YES;
				GENERATE_INFOPLIST_FILE = YES;
				INFOPLIST_KEY_UIApplicationSceneManifest_Generation = YES;
				INFOPLIST_KEY_UIApplicationSupportsIndirectInputEvents = YES;
				INFOPLIST_KEY_UILaunchScreen_Generation = YES;
				INFOPLIST_KEY_UISupportedInterfaceOrientations_iPad = "UIInterfaceOrientationPortrait UIInterfaceOrientationPortraitUpsideDown UIInterfaceOrientationLandscapeLeft UIInterfaceOrientationLandscapeRight";
				INFOPLIST_KEY_UISupportedInterfaceOrientations_iPhone = "UIInterfaceOrientationPortrait UIInterfaceOrientationLandscapeLeft UIInterfaceOrientationLandscapeRight";
				LD_RUNPATH_SEARCH_PATHS = (
					"$(inherited)",
					"@executable_path/Frameworks",
				);
				MARKETING_VERSION = 1.0;
				PRODUCT_BUNDLE_IDENTIFIER = "com.itlab.CD-CRUD-MVVM";
				PRODUCT_NAME = "$(TARGET_NAME)";
				SWIFT_EMIT_LOC_STRINGS = YES;
				SWIFT_VERSION = 5.0;
				TARGETED_DEVICE_FAMILY = "1,2";
			};
			name = Release;
		};
/* End XCBuildConfiguration section */

/* Begin XCConfigurationList section */
		BE62943E2927C32B000C300C /* Build configuration list for PBXProject "CD-CRUD-MVVM" */ = {
			isa = XCConfigurationList;
			buildConfigurations = (
				BE62944F2927C32D000C300C /* Debug */,
				BE6294502927C32D000C300C /* Release */,
			);
			defaultConfigurationIsVisible = 0;
			defaultConfigurationName = Release;
		};
		BE6294512927C32D000C300C /* Build configuration list for PBXNativeTarget "CD-CRUD-MVVM" */ = {
			isa = XCConfigurationList;
			buildConfigurations = (
				BE6294522927C32D000C300C /* Debug */,
				BE6294532927C32D000C300C /* Release */,
			);
			defaultConfigurationIsVisible = 0;
			defaultConfigurationName = Release;
		};
/* End XCConfigurationList section */

/* Begin XCVersionGroup section */
		BE6294542927C3F3000C300C /* CD_CRUD_MVVM.xcdatamodeld */ = {
			isa = XCVersionGroup;
			children = (
				BE6294552927C3F3000C300C /* CD_CRUD_MVVM.xcdatamodel */,
			);
			currentVersion = BE6294552927C3F3000C300C /* CD_CRUD_MVVM.xcdatamodel */;
			path = CD_CRUD_MVVM.xcdatamodeld;
			sourceTree = "<group>";
			versionGroupType = wrapper.xcdatamodel;
		};
/* End XCVersionGroup section */
	};
	rootObject = BE62943B2927C32B000C300C /* Project object */;
}
